
Microsoft Visual Studio Solution File, Format Version 12.00
# Visual Studio Version 18
VisualStudioVersion = 18.6.11819.183 stable
MinimumVisualStudioVersion = 10.0.40219.1
Project("{FAE04EC0-301F-11D3-BF4B-00C04F79EFBC}") = "BlazorSqlLocalizationSample", "BlazorSqlLocalizationSample.csproj", "{7BD46B8D-E767-56B5-F839-AB637A1A029D}"
EndProject
Global
	GlobalSection(SolutionConfigurationPlatforms) = preSolution
		Debug|Any CPU = Debug|Any CPU
		Release|Any CPU = Release|Any CPU
	EndGlobalSection
	GlobalSection(ProjectConfigurationPlatforms) = postSolution
		{7BD46B8D-E767-56B5-F839-AB637A1A029D}.Debug|Any CPU.ActiveCfg = Debug|Any CPU
		{7BD46B8D-E767-56B5-F839-AB637A1A029D}.Debug|Any CPU.Build.0 = Debug|Any CPU
		{7BD46B8D-E767-56B5-F839-AB637A1A029D}.Release|Any CPU.ActiveCfg = Release|Any CPU
		{7BD46B8D-E767-56B5-F839-AB637A1A029D}.Release|Any CPU.Build.0 = Release|Any CPU
	EndGlobalSection
	GlobalSection(SolutionProperties) = preSolution
		HideSolutionNode = FALSE
	EndGlobalSection
	GlobalSection(ExtensibilityGlobals) = postSolution
		SolutionGuid = {8F45A6FF-F35C-4D2E-85B7-EF3E12DF2B62}
	EndGlobalSection
EndGlobal
